// !$*UTF8*$!
{
	archiveVersion = 1;
	classes = {
	};
	objectVersion = 56;
	objects = {

/* Begin PBXBuildFile section */
		604D60F42A278225001E7BA9 /* AppIcon-1.png in Resources */ = {isa = PBXBuildFile; fileRef = 604D60F32A278225001E7BA9 /* AppIcon-1.png */; };
		604D60F62A278233001E7BA9 /* AppIcon-2.png in Resources */ = {isa = PBXBuildFile; fileRef = 604D60F52A278233001E7BA9 /* AppIcon-2.png */; };
		604D60F82A278238001E7BA9 /* AppIcon-3.png in Resources */ = {isa = PBXBuildFile; fileRef = 604D60F72A278238001E7BA9 /* AppIcon-3.png */; };
		60929EBA2A225D9C00E4AF37 /* BubblesApp.swift in Sources */ = {isa = PBXBuildFile; fileRef = 60929EB92A225D9C00E4AF37 /* BubblesApp.swift */; };
		60929EBC2A225D9C00E4AF37 /* LevelView.swift in Sources */ = {isa = PBXBuildFile; fileRef = 60929EBB2A225D9C00E4AF37 /* LevelView.swift */; };
		60929EBE2A225D9D00E4AF37 /* Assets.xcassets in Resources */ = {isa = PBXBuildFile; fileRef = 60929EBD2A225D9D00E4AF37 /* Assets.xcassets */; };
		60929EC22A225D9D00E4AF37 /* Preview Assets.xcassets in Resources */ = {isa = PBXBuildFile; fileRef = 60929EC12A225D9D00E4AF37 /* Preview Assets.xcassets */; };
		60929ECC2A225D9D00E4AF37 /* BubblesTests.swift in Sources */ = {isa = PBXBuildFile; fileRef = 60929ECB2A225D9D00E4AF37 /* BubblesTests.swift */; };
		60929ED62A225D9D00E4AF37 /* BubblesUITests.swift in Sources */ = {isa = PBXBuildFile; fileRef = 60929ED52A225D9D00E4AF37 /* BubblesUITests.swift */; };
		60929ED82A225D9D00E4AF37 /* BubblesUITestsLaunchTests.swift in Sources */ = {isa = PBXBuildFile; fileRef = 60929ED72A225D9D00E4AF37 /* BubblesUITestsLaunchTests.swift */; };
		60929EE62A225FA300E4AF37 /* HomeView.swift in Sources */ = {isa = PBXBuildFile; fileRef = 60929EE52A225FA300E4AF37 /* HomeView.swift */; };
		60929EE82A225FC300E4AF37 /* SettingsView.swift in Sources */ = {isa = PBXBuildFile; fileRef = 60929EE72A225FC300E4AF37 /* SettingsView.swift */; };
		60929EEA2A225FF800E4AF37 /* ChangeAppIconView.swift in Sources */ = {isa = PBXBuildFile; fileRef = 60929EE92A225FF800E4AF37 /* ChangeAppIconView.swift */; };
		60929EEC2A22601D00E4AF37 /* AboutView.swift in Sources */ = {isa = PBXBuildFile; fileRef = 60929EEB2A22601D00E4AF37 /* AboutView.swift */; };
		60929EEF2A22610700E4AF37 /* ChangeAppIconViewModel.swift in Sources */ = {isa = PBXBuildFile; fileRef = 60929EEE2A22610700E4AF37 /* ChangeAppIconViewModel.swift */; };
		60929EF92A22631600E4AF37 /* DoubleExtension.swift in Sources */ = {isa = PBXBuildFile; fileRef = 60929EF82A22631600E4AF37 /* DoubleExtension.swift */; };
/* End PBXBuildFile section */

/* Begin PBXContainerItemProxy section */
		60929EC82A225D9D00E4AF37 /* PBXContainerItemProxy */ = {
			isa = PBXContainerItemProxy;
			containerPortal = 60929EAE2A225D9C00E4AF37 /* Project object */;
			proxyType = 1;
			remoteGlobalIDString = 60929EB52A225D9C00E4AF37;
			remoteInfo = Bubbles;
		};
		60929ED22A225D9D00E4AF37 /* PBXContainerItemProxy */ = {
			isa = PBXContainerItemProxy;
			containerPortal = 60929EAE2A225D9C00E4AF37 /* Project object */;
			proxyType = 1;
			remoteGlobalIDString = 60929EB52A225D9C00E4AF37;
			remoteInfo = Bubbles;
		};
/* End PBXContainerItemProxy section */

/* Begin PBXFileReference section */
		604D60F32A278225001E7BA9 /* AppIcon-1.png */ = {isa = PBXFileReference; lastKnownFileType = image.png; path = "AppIcon-1.png"; sourceTree = "<group>"; };
		604D60F52A278233001E7BA9 /* AppIcon-2.png */ = {isa = PBXFileReference; lastKnownFileType = image.png; path = "AppIcon-2.png"; sourceTree = "<group>"; };
		604D60F72A278238001E7BA9 /* AppIcon-3.png */ = {isa = PBXFileReference; lastKnownFileType = image.png; path = "AppIcon-3.png"; sourceTree = "<group>"; };
		60929EB62A225D9C00E4AF37 /* Bubbles.app */ = {isa = PBXFileReference; explicitFileType = wrapper.application; includeInIndex = 0; path = Bubbles.app; sourceTree = BUILT_PRODUCTS_DIR; };
		60929EB92A225D9C00E4AF37 /* BubblesApp.swift */ = {isa = PBXFileReference; lastKnownFileType = sourcecode.swift; path = BubblesApp.swift; sourceTree = "<group>"; };
		60929EBB2A225D9C00E4AF37 /* LevelView.swift */ = {isa = PBXFileReference; lastKnownFileType = sourcecode.swift; path = LevelView.swift; sourceTree = "<group>"; };
		60929EBD2A225D9D00E4AF37 /* Assets.xcassets */ = {isa = PBXFileReference; lastKnownFileType = folder.assetcatalog; path = Assets.xcassets; sourceTree = "<group>"; };
		60929EBF2A225D9D00E4AF37 /* Bubbles.entitlements */ = {isa = PBXFileReference; lastKnownFileType = text.plist.entitlements; path = Bubbles.entitlements; sourceTree = "<group>"; };
		60929EC12A225D9D00E4AF37 /* Preview Assets.xcassets */ = {isa = PBXFileReference; lastKnownFileType = folder.assetcatalog; path = "Preview Assets.xcassets"; sourceTree = "<group>"; };
		60929EC72A225D9D00E4AF37 /* BubblesTests.xctest */ = {isa = PBXFileReference; explicitFileType = wrapper.cfbundle; includeInIndex = 0; path = BubblesTests.xctest; sourceTree = BUILT_PRODUCTS_DIR; };
		60929ECB2A225D9D00E4AF37 /* BubblesTests.swift */ = {isa = PBXFileReference; lastKnownFileType = sourcecode.swift; path = BubblesTests.swift; sourceTree = "<group>"; };
		60929ED12A225D9D00E4AF37 /* BubblesUITests.xctest */ = {isa = PBXFileReference; explicitFileType = wrapper.cfbundle; includeInIndex = 0; path = BubblesUITests.xctest; sourceTree = BUILT_PRODUCTS_DIR; };
		60929ED52A225D9D00E4AF37 /* BubblesUITests.swift */ = {isa = PBXFileReference; lastKnownFileType = sourcecode.swift; path = BubblesUITests.swift; sourceTree = "<group>"; };
		60929ED72A225D9D00E4AF37 /* BubblesUITestsLaunchTests.swift */ = {isa = PBXFileReference; lastKnownFileType = sourcecode.swift; path = BubblesUITestsLaunchTests.swift; sourceTree = "<group>"; };
		60929EE52A225FA300E4AF37 /* HomeView.swift */ = {isa = PBXFileReference; lastKnownFileType = sourcecode.swift; path = HomeView.swift; sourceTree = "<group>"; };
		60929EE72A225FC300E4AF37 /* SettingsView.swift */ = {isa = PBXFileReference; lastKnownFileType = sourcecode.swift; path = SettingsView.swift; sourceTree = "<group>"; };
		60929EE92A225FF800E4AF37 /* ChangeAppIconView.swift */ = {isa = PBXFileReference; lastKnownFileType = sourcecode.swift; path = ChangeAppIconView.swift; sourceTree = "<group>"; };
		60929EEB2A22601D00E4AF37 /* AboutView.swift */ = {isa = PBXFileReference; lastKnownFileType = sourcecode.swift; path = AboutView.swift; sourceTree = "<group>"; };
		60929EEE2A22610700E4AF37 /* ChangeAppIconViewModel.swift */ = {isa = PBXFileReference; lastKnownFileType = sourcecode.swift; path = ChangeAppIconViewModel.swift; sourceTree = "<group>"; };
		60929EF82A22631600E4AF37 /* DoubleExtension.swift */ = {isa = PBXFileReference; lastKnownFileType = sourcecode.swift; path = DoubleExtension.swift; sourceTree = "<group>"; };
/* End PBXFileReference section */

/* Begin PBXFrameworksBuildPhase section */
		60929EB32A225D9C00E4AF37 /* Frameworks */ = {
			isa = PBXFrameworksBuildPhase;
			buildActionMask = 2147483647;
			files = (
			);
			runOnlyForDeploymentPostprocessing = 0;
		};
		60929EC42A225D9D00E4AF37 /* Frameworks */ = {
			isa = PBXFrameworksBuildPhase;
			buildActionMask = 2147483647;
			files = (
			);
			runOnlyForDeploymentPostprocessing = 0;
		};
		60929ECE2A225D9D00E4AF37 /* Frameworks */ = {
			isa = PBXFrameworksBuildPhase;
			buildActionMask = 2147483647;
			files = (
			);
			runOnlyForDeploymentPostprocessing = 0;
		};
/* End PBXFrameworksBuildPhase section */

/* Begin PBXGroup section */
		604D60F22A2781F8001E7BA9 /* Icons */ = {
			isa = PBXGroup;
			children = (
				604D60F32A278225001E7BA9 /* AppIcon-1.png */,
				604D60F52A278233001E7BA9 /* AppIcon-2.png */,
				604D60F72A278238001E7BA9 /* AppIcon-3.png */,
			);
			path = Icons;
			sourceTree = "<group>";
		};
		60929EAD2A225D9C00E4AF37 = {
			isa = PBXGroup;
			children = (
				60929EB82A225D9C00E4AF37 /* Bubbles */,
				60929ECA2A225D9D00E4AF37 /* BubblesTests */,
				60929ED42A225D9D00E4AF37 /* BubblesUITests */,
				60929EB72A225D9C00E4AF37 /* Products */,
			);
			sourceTree = "<group>";
		};
		60929EB72A225D9C00E4AF37 /* Products */ = {
			isa = PBXGroup;
			children = (
				60929EB62A225D9C00E4AF37 /* Bubbles.app */,
				60929EC72A225D9D00E4AF37 /* BubblesTests.xctest */,
				60929ED12A225D9D00E4AF37 /* BubblesUITests.xctest */,
			);
			name = Products;
			sourceTree = "<group>";
		};
		60929EB82A225D9C00E4AF37 /* Bubbles */ = {
			isa = PBXGroup;
			children = (
				604D60F22A2781F8001E7BA9 /* Icons */,
				60929EF72A22630A00E4AF37 /* Extensions */,
				60929EED2A2260F800E4AF37 /* ViewModels */,
				60929EE42A225F9500E4AF37 /* Views */,
				60929EB92A225D9C00E4AF37 /* BubblesApp.swift */,
				60929EBD2A225D9D00E4AF37 /* Assets.xcassets */,
				60929EBF2A225D9D00E4AF37 /* Bubbles.entitlements */,
				60929EC02A225D9D00E4AF37 /* Preview Content */,
			);
			path = Bubbles;
			sourceTree = "<group>";
		};
		60929EC02A225D9D00E4AF37 /* Preview Content */ = {
			isa = PBXGroup;
			children = (
				60929EC12A225D9D00E4AF37 /* Preview Assets.xcassets */,
			);
			path = "Preview Content";
			sourceTree = "<group>";
		};
		60929ECA2A225D9D00E4AF37 /* BubblesTests */ = {
			isa = PBXGroup;
			children = (
				60929ECB2A225D9D00E4AF37 /* BubblesTests.swift */,
			);
			path = BubblesTests;
			sourceTree = "<group>";
		};
		60929ED42A225D9D00E4AF37 /* BubblesUITests */ = {
			isa = PBXGroup;
			children = (
				60929ED52A225D9D00E4AF37 /* BubblesUITests.swift */,
				60929ED72A225D9D00E4AF37 /* BubblesUITestsLaunchTests.swift */,
			);
			path = BubblesUITests;
			sourceTree = "<group>";
		};
		60929EE42A225F9500E4AF37 /* Views */ = {
			isa = PBXGroup;
			children = (
				60929EBB2A225D9C00E4AF37 /* LevelView.swift */,
				60929EE52A225FA300E4AF37 /* HomeView.swift */,
				60929EE72A225FC300E4AF37 /* SettingsView.swift */,
				60929EE92A225FF800E4AF37 /* ChangeAppIconView.swift */,
				60929EEB2A22601D00E4AF37 /* AboutView.swift */,
			);
			path = Views;
			sourceTree = "<group>";
		};
		60929EED2A2260F800E4AF37 /* ViewModels */ = {
			isa = PBXGroup;
			children = (
				60929EEE2A22610700E4AF37 /* ChangeAppIconViewModel.swift */,
			);
			path = ViewModels;
			sourceTree = "<group>";
		};
		60929EF72A22630A00E4AF37 /* Extensions */ = {
			isa = PBXGroup;
			children = (
				60929EF82A22631600E4AF37 /* DoubleExtension.swift */,
			);
			path = Extensions;
			sourceTree = "<group>";
		};
/* End PBXGroup section */

/* Begin PBXNativeTarget section */
		60929EB52A225D9C00E4AF37 /* Bubbles */ = {
			isa = PBXNativeTarget;
			buildConfigurationList = 60929EDB2A225D9D00E4AF37 /* Build configuration list for PBXNativeTarget "Bubbles" */;
			buildPhases = (
				60929EB22A225D9C00E4AF37 /* Sources */,
				60929EB32A225D9C00E4AF37 /* Frameworks */,
				60929EB42A225D9C00E4AF37 /* Resources */,
			);
			buildRules = (
			);
			dependencies = (
			);
			name = Bubbles;
			productName = Bubbles;
			productReference = 60929EB62A225D9C00E4AF37 /* Bubbles.app */;
			productType = "com.apple.product-type.application";
		};
		60929EC62A225D9D00E4AF37 /* BubblesTests */ = {
			isa = PBXNativeTarget;
			buildConfigurationList = 60929EDE2A225D9D00E4AF37 /* Build configuration list for PBXNativeTarget "BubblesTests" */;
			buildPhases = (
				60929EC32A225D9D00E4AF37 /* Sources */,
				60929EC42A225D9D00E4AF37 /* Frameworks */,
				60929EC52A225D9D00E4AF37 /* Resources */,
			);
			buildRules = (
			);
			dependencies = (
				60929EC92A225D9D00E4AF37 /* PBXTargetDependency */,
			);
			name = BubblesTests;
			productName = BubblesTests;
			productReference = 60929EC72A225D9D00E4AF37 /* BubblesTests.xctest */;
			productType = "com.apple.product-type.bundle.unit-test";
		};
		60929ED02A225D9D00E4AF37 /* BubblesUITests */ = {
			isa = PBXNativeTarget;
			buildConfigurationList = 60929EE12A225D9D00E4AF37 /* Build configuration list for PBXNativeTarget "BubblesUITests" */;
			buildPhases = (
				60929ECD2A225D9D00E4AF37 /* Sources */,
				60929ECE2A225D9D00E4AF37 /* Frameworks */,
				60929ECF2A225D9D00E4AF37 /* Resources */,
			);
			buildRules = (
			);
			dependencies = (
				60929ED32A225D9D00E4AF37 /* PBXTargetDependency */,
			);
			name = BubblesUITests;
			productName = BubblesUITests;
			productReference = 60929ED12A225D9D00E4AF37 /* BubblesUITests.xctest */;
			productType = "com.apple.product-type.bundle.ui-testing";
		};
/* End PBXNativeTarget section */

/* Begin PBXProject section */
		60929EAE2A225D9C00E4AF37 /* Project object */ = {
			isa = PBXProject;
			attributes = {
				BuildIndependentTargetsInParallel = 1;
				LastSwiftUpdateCheck = 1430;
				LastUpgradeCheck = 1430;
				TargetAttributes = {
					60929EB52A225D9C00E4AF37 = {
						CreatedOnToolsVersion = 14.3;
					};
					60929EC62A225D9D00E4AF37 = {
						CreatedOnToolsVersion = 14.3;
						TestTargetID = 60929EB52A225D9C00E4AF37;
					};
					60929ED02A225D9D00E4AF37 = {
						CreatedOnToolsVersion = 14.3;
						TestTargetID = 60929EB52A225D9C00E4AF37;
					};
				};
			};
			buildConfigurationList = 60929EB12A225D9C00E4AF37 /* Build configuration list for PBXProject "Bubbles" */;
			compatibilityVersion = "Xcode 14.0";
			developmentRegion = en;
			hasScannedForEncodings = 0;
			knownRegions = (
				en,
				Base,
			);
			mainGroup = 60929EAD2A225D9C00E4AF37;
			productRefGroup = 60929EB72A225D9C00E4AF37 /* Products */;
			projectDirPath = "";
			projectRoot = "";
			targets = (
				60929EB52A225D9C00E4AF37 /* Bubbles */,
				60929EC62A225D9D00E4AF37 /* BubblesTests */,
				60929ED02A225D9D00E4AF37 /* BubblesUITests */,
			);
		};
/* End PBXProject section */

/* Begin PBXResourcesBuildPhase section */
		60929EB42A225D9C00E4AF37 /* Resources */ = {
			isa = PBXResourcesBuildPhase;
			buildActionMask = 2147483647;
			files = (
				60929EC22A225D9D00E4AF37 /* Preview Assets.xcassets in Resources */,
				604D60F62A278233001E7BA9 /* AppIcon-2.png in Resources */,
				60929EBE2A225D9D00E4AF37 /* Assets.xcassets in Resources */,
				604D60F42A278225001E7BA9 /* AppIcon-1.png in Resources */,
				604D60F82A278238001E7BA9 /* AppIcon-3.png in Resources */,
			);
			runOnlyForDeploymentPostprocessing = 0;
		};
		60929EC52A225D9D00E4AF37 /* Resources */ = {
			isa = PBXResourcesBuildPhase;
			buildActionMask = 2147483647;
			files = (
			);
			runOnlyForDeploymentPostprocessing = 0;
		};
		60929ECF2A225D9D00E4AF37 /* Resources */ = {
			isa = PBXResourcesBuildPhase;
			buildActionMask = 2147483647;
			files = (
			);
			runOnlyForDeploymentPostprocessing = 0;
		};
/* End PBXResourcesBuildPhase section */

/* Begin PBXSourcesBuildPhase section */
		60929EB22A225D9C00E4AF37 /* Sources */ = {
			isa = PBXSourcesBuildPhase;
			buildActionMask = 2147483647;
			files = (
				60929EEA2A225FF800E4AF37 /* ChangeAppIconView.swift in Sources */,
				60929EEF2A22610700E4AF37 /* ChangeAppIconViewModel.swift in Sources */,
				60929EE62A225FA300E4AF37 /* HomeView.swift in Sources */,
				60929EF92A22631600E4AF37 /* DoubleExtension.swift in Sources */,
				60929EE82A225FC300E4AF37 /* SettingsView.swift in Sources */,
				60929EBC2A225D9C00E4AF37 /* LevelView.swift in Sources */,
				60929EEC2A22601D00E4AF37 /* AboutView.swift in Sources */,
				60929EBA2A225D9C00E4AF37 /* BubblesApp.swift in Sources */,
			);
			runOnlyForDeploymentPostprocessing = 0;
		};
		60929EC32A225D9D00E4AF37 /* Sources */ = {
			isa = PBXSourcesBuildPhase;
			buildActionMask = 2147483647;
			files = (
				60929ECC2A225D9D00E4AF37 /* BubblesTests.swift in Sources */,
			);
			runOnlyForDeploymentPostprocessing = 0;
		};
		60929ECD2A225D9D00E4AF37 /* Sources */ = {
			isa = PBXSourcesBuildPhase;
			buildActionMask = 2147483647;
			files = (
				60929ED82A225D9D00E4AF37 /* BubblesUITestsLaunchTests.swift in Sources */,
				60929ED62A225D9D00E4AF37 /* BubblesUITests.swift in Sources */,
			);
			runOnlyForDeploymentPostprocessing = 0;
		};
/* End PBXSourcesBuildPhase section */

/* Begin PBXTargetDependency section */
		60929EC92A225D9D00E4AF37 /* PBXTargetDependency */ = {
			isa = PBXTargetDependency;
			target = 60929EB52A225D9C00E4AF37 /* Bubbles */;
			targetProxy = 60929EC82A225D9D00E4AF37 /* PBXContainerItemProxy */;
		};
		60929ED32A225D9D00E4AF37 /* PBXTargetDependency */ = {
			isa = PBXTargetDependency;
			target = 60929EB52A225D9C00E4AF37 /* Bubbles */;
			targetProxy = 60929ED22A225D9D00E4AF37 /* PBXContainerItemProxy */;
		};
/* End PBXTargetDependency section */

/* Begin XCBuildConfiguration section */
		60929ED92A225D9D00E4AF37 /* Debug */ = {
			isa = XCBuildConfiguration;
			buildSettings = {
				ALWAYS_SEARCH_USER_PATHS = NO;
				CLANG_ANALYZER_NONNULL = YES;
				CLANG_ANALYZER_NUMBER_OBJECT_CONVERSION = YES_AGGRESSIVE;
				CLANG_CXX_LANGUAGE_STANDARD = "gnu++20";
				CLANG_ENABLE_MODULES = YES;
				CLANG_ENABLE_OBJC_ARC = YES;
				CLANG_ENABLE_OBJC_WEAK = YES;
				CLANG_WARN_BLOCK_CAPTURE_AUTORELEASING = YES;
				CLANG_WARN_BOOL_CONVERSION = YES;
				CLANG_WARN_COMMA = YES;
				CLANG_WARN_CONSTANT_CONVERSION = YES;
				CLANG_WARN_DEPRECATED_OBJC_IMPLEMENTATIONS = YES;
				CLANG_WARN_DIRECT_OBJC_ISA_USAGE = YES_ERROR;
				CLANG_WARN_DOCUMENTATION_COMMENTS = YES;
				CLANG_WARN_EMPTY_BODY = YES;
				CLANG_WARN_ENUM_CONVERSION = YES;
				CLANG_WARN_INFINITE_RECURSION = YES;
				CLANG_WARN_INT_CONVERSION = YES;
				CLANG_WARN_NON_LITERAL_NULL_CONVERSION = YES;
				CLANG_WARN_OBJC_IMPLICIT_RETAIN_SELF = YES;
				CLANG_WARN_OBJC_LITERAL_CONVERSION = YES;
				CLANG_WARN_OBJC_ROOT_CLASS = YES_ERROR;
				CLANG_WARN_QUOTED_INCLUDE_IN_FRAMEWORK_HEADER = YES;
				CLANG_WARN_RANGE_LOOP_ANALYSIS = YES;
				CLANG_WARN_STRICT_PROTOTYPES = YES;
				CLANG_WARN_SUSPICIOUS_MOVE = YES;
				CLANG_WARN_UNGUARDED_AVAILABILITY = YES_AGGRESSIVE;
				CLANG_WARN_UNREACHABLE_CODE = YES;
				CLANG_WARN__DUPLICATE_METHOD_MATCH = YES;
				COPY_PHASE_STRIP = NO;
				DEBUG_INFORMATION_FORMAT = dwarf;
				ENABLE_STRICT_OBJC_MSGSEND = YES;
				ENABLE_TESTABILITY = YES;
				GCC_C_LANGUAGE_STANDARD = gnu11;
				GCC_DYNAMIC_NO_PIC = NO;
				GCC_NO_COMMON_BLOCKS = YES;
				GCC_OPTIMIZATION_LEVEL = 0;
				GCC_PREPROCESSOR_DEFINITIONS = (
					"DEBUG=1",
					"$(inherited)",
				);
				GCC_WARN_64_TO_32_BIT_CONVERSION = YES;
				GCC_WARN_ABOUT_RETURN_TYPE = YES_ERROR;
				GCC_WARN_UNDECLARED_SELECTOR = YES;
				GCC_WARN_UNINITIALIZED_AUTOS = YES_AGGRESSIVE;
				GCC_WARN_UNUSED_FUNCTION = YES;
				GCC_WARN_UNUSED_VARIABLE = YES;
				MTL_ENABLE_DEBUG_INFO = INCLUDE_SOURCE;
				MTL_FAST_MATH = YES;
				ONLY_ACTIVE_ARCH = YES;
				SWIFT_ACTIVE_COMPILATION_CONDITIONS = DEBUG;
				SWIFT_OPTIMIZATION_LEVEL = "-Onone";
			};
			name = Debug;
		};
		60929EDA2A225D9D00E4AF37 /* Release */ = {
			isa = XCBuildConfiguration;
			buildSettings = {
				ALWAYS_SEARCH_USER_PATHS = NO;
				CLANG_ANALYZER_NONNULL = YES;
				CLANG_ANALYZER_NUMBER_OBJECT_CONVERSION = YES_AGGRESSIVE;
				CLANG_CXX_LANGUAGE_STANDARD = "gnu++20";
				CLANG_ENABLE_MODULES = YES;
				CLANG_ENABLE_OBJC_ARC = YES;
				CLANG_ENABLE_OBJC_WEAK = YES;
				CLANG_WARN_BLOCK_CAPTURE_AUTORELEASING = YES;
				CLANG_WARN_BOOL_CONVERSION = YES;
				CLANG_WARN_COMMA = YES;
				CLANG_WARN_CONSTANT_CONVERSION = YES;
				CLANG_WARN_DEPRECATED_OBJC_IMPLEMENTATIONS = YES;
				CLANG_WARN_DIRECT_OBJC_ISA_USAGE = YES_ERROR;
				CLANG_WARN_DOCUMENTATION_COMMENTS = YES;
				CLANG_WARN_EMPTY_BODY = YES;
				CLANG_WARN_ENUM_CONVERSION = YES;
				CLANG_WARN_INFINITE_RECURSION = YES;
				CLANG_WARN_INT_CONVERSION = YES;
				CLANG_WARN_NON_LITERAL_NULL_CONVERSION = YES;
				CLANG_WARN_OBJC_IMPLICIT_RETAIN_SELF = YES;
				CLANG_WARN_OBJC_LITERAL_CONVERSION = YES;
				CLANG_WARN_OBJC_ROOT_CLASS = YES_ERROR;
				CLANG_WARN_QUOTED_INCLUDE_IN_FRAMEWORK_HEADER = YES;
				CLANG_WARN_RANGE_LOOP_ANALYSIS = YES;
				CLANG_WARN_STRICT_PROTOTYPES = YES;
				CLANG_WARN_SUSPICIOUS_MOVE = YES;
				CLANG_WARN_UNGUARDED_AVAILABILITY = YES_AGGRESSIVE;
				CLANG_WARN_UNREACHABLE_CODE = YES;
				CLANG_WARN__DUPLICATE_METHOD_MATCH = YES;
				COPY_PHASE_STRIP = NO;
				DEBUG_INFORMATION_FORMAT = "dwarf-with-dsym";
				ENABLE_NS_ASSERTIONS = NO;
				ENABLE_STRICT_OBJC_MSGSEND = YES;
				GCC_C_LANGUAGE_STANDARD = gnu11;
				GCC_NO_COMMON_BLOCKS = YES;
				GCC_WARN_64_TO_32_BIT_CONVERSION = YES;
				GCC_WARN_ABOUT_RETURN_TYPE = YES_ERROR;
				GCC_WARN_UNDECLARED_SELECTOR = YES;
				GCC_WARN_UNINITIALIZED_AUTOS = YES_AGGRESSIVE;
				GCC_WARN_UNUSED_FUNCTION = YES;
				GCC_WARN_UNUSED_VARIABLE = YES;
				MTL_ENABLE_DEBUG_INFO = NO;
				MTL_FAST_MATH = YES;
				SWIFT_COMPILATION_MODE = wholemodule;
				SWIFT_OPTIMIZATION_LEVEL = "-O";
			};
			name = Release;
		};
		60929EDC2A225D9D00E4AF37 /* Debug */ = {
			isa = XCBuildConfiguration;
			buildSettings = {
				ASSETCATALOG_COMPILER_APPICON_NAME = AppIcon;
				ASSETCATALOG_COMPILER_GLOBAL_ACCENT_COLOR_NAME = AccentColor;
				ASSETCATALOG_COMPILER_INCLUDE_ALL_APPICON_ASSETS = YES;
				CODE_SIGN_ENTITLEMENTS = Bubbles/Bubbles.entitlements;
				CODE_SIGN_STYLE = Automatic;
				CURRENT_PROJECT_VERSION = 1;
				DEVELOPMENT_ASSET_PATHS = "\"Bubbles/Preview Content\"";
				DEVELOPMENT_TEAM = Q8Q4RHHMN7;
				ENABLE_HARDENED_RUNTIME = YES;
				ENABLE_PREVIEWS = YES;
				GENERATE_INFOPLIST_FILE = YES;
				"INFOPLIST_KEY_UIApplicationSceneManifest_Generation[sdk=iphoneos*]" = YES;
				"INFOPLIST_KEY_UIApplicationSceneManifest_Generation[sdk=iphonesimulator*]" = YES;
				"INFOPLIST_KEY_UIApplicationSupportsIndirectInputEvents[sdk=iphoneos*]" = YES;
				"INFOPLIST_KEY_UIApplicationSupportsIndirectInputEvents[sdk=iphonesimulator*]" = YES;
				"INFOPLIST_KEY_UILaunchScreen_Generation[sdk=iphoneos*]" = YES;
				"INFOPLIST_KEY_UILaunchScreen_Generation[sdk=iphonesimulator*]" = YES;
				"INFOPLIST_KEY_UIStatusBarStyle[sdk=iphoneos*]" = UIStatusBarStyleDefault;
				"INFOPLIST_KEY_UIStatusBarStyle[sdk=iphonesimulator*]" = UIStatusBarStyleDefault;
				INFOPLIST_KEY_UISupportedInterfaceOrientations_iPad = "UIInterfaceOrientationPortrait UIInterfaceOrientationPortraitUpsideDown UIInterfaceOrientationLandscapeLeft UIInterfaceOrientationLandscapeRight";
				INFOPLIST_KEY_UISupportedInterfaceOrientations_iPhone = "UIInterfaceOrientationPortrait UIInterfaceOrientationLandscapeLeft UIInterfaceOrientationLandscapeRight";
				IPHONEOS_DEPLOYMENT_TARGET = 16.4;
				LD_RUNPATH_SEARCH_PATHS = "@executable_path/Frameworks";
				"LD_RUNPATH_SEARCH_PATHS[sdk=macosx*]" = "@executable_path/../Frameworks";
				MACOSX_DEPLOYMENT_TARGET = 13.3;
				MARKETING_VERSION = 1.0;
				PRODUCT_BUNDLE_IDENTIFIER = com.berkdogan.Bubbles;
				PRODUCT_NAME = "$(TARGET_NAME)";
				SDKROOT = auto;
				SUPPORTED_PLATFORMS = "iphoneos iphonesimulator macosx";
				SWIFT_EMIT_LOC_STRINGS = YES;
				SWIFT_VERSION = 5.0;
				TARGETED_DEVICE_FAMILY = "1,2";
			};
			name = Debug;
		};
		60929EDD2A225D9D00E4AF37 /* Release */ = {
			isa = XCBuildConfiguration;
			buildSettings = {
				ASSETCATALOG_COMPILER_APPICON_NAME = AppIcon;
				ASSETCATALOG_COMPILER_GLOBAL_ACCENT_COLOR_NAME = AccentColor;
				ASSETCATALOG_COMPILER_INCLUDE_ALL_APPICON_ASSETS = YES;
				CODE_SIGN_ENTITLEMENTS = Bubbles/Bubbles.entitlements;
				CODE_SIGN_STYLE = Automatic;
				CURRENT_PROJECT_VERSION = 1;
				DEVELOPMENT_ASSET_PATHS = "\"Bubbles/Preview Content\"";
				DEVELOPMENT_TEAM = Q8Q4RHHMN7;
				ENABLE_HARDENED_RUNTIME = YES;
				ENABLE_PREVIEWS = YES;
				GENERATE_INFOPLIST_FILE = YES;
				"INFOPLIST_KEY_UIApplicationSceneManifest_Generation[sdk=iphoneos*]" = YES;
				"INFOPLIST_KEY_UIApplicationSceneManifest_Generation[sdk=iphonesimulator*]" = YES;
				"INFOPLIST_KEY_UIApplicationSupportsIndirectInputEvents[sdk=iphoneos*]" = YES;
				"INFOPLIST_KEY_UIApplicationSupportsIndirectInputEvents[sdk=iphonesimulator*]" = YES;
				"INFOPLIST_KEY_UILaunchScreen_Generation[sdk=iphoneos*]" = YES;
				"INFOPLIST_KEY_UILaunchScreen_Generation[sdk=iphonesimulator*]" = YES;
				"INFOPLIST_KEY_UIStatusBarStyle[sdk=iphoneos*]" = UIStatusBarStyleDefault;
				"INFOPLIST_KEY_UIStatusBarStyle[sdk=iphonesimulator*]" = UIStatusBarStyleDefault;
				INFOPLIST_KEY_UISupportedInterfaceOrientations_iPad = "UIInterfaceOrientationPortrait UIInterfaceOrientationPortraitUpsideDown UIInterfaceOrientationLandscapeLeft UIInterfaceOrientationLandscapeRight";
				INFOPLIST_KEY_UISupportedInterfaceOrientations_iPhone = "UIInterfaceOrientationPortrait UIInterfaceOrientationLandscapeLeft UIInterfaceOrientationLandscapeRight";
				IPHONEOS_DEPLOYMENT_TARGET = 16.4;
				LD_RUNPATH_SEARCH_PATHS = "@executable_path/Frameworks";
				"LD_RUNPATH_SEARCH_PATHS[sdk=macosx*]" = "@executable_path/../Frameworks";
				MACOSX_DEPLOYMENT_TARGET = 13.3;
				MARKETING_VERSION = 1.0;
				PRODUCT_BUNDLE_IDENTIFIER = com.berkdogan.Bubbles;
				PRODUCT_NAME = "$(TARGET_NAME)";
				SDKROOT = auto;
				SUPPORTED_PLATFORMS = "iphoneos iphonesimulator macosx";
				SWIFT_EMIT_LOC_STRINGS = YES;
				SWIFT_VERSION = 5.0;
				TARGETED_DEVICE_FAMILY = "1,2";
			};
			name = Release;
		};
		60929EDF2A225D9D00E4AF37 /* Debug */ = {
			isa = XCBuildConfiguration;
			buildSettings = {
				ALWAYS_EMBED_SWIFT_STANDARD_LIBRARIES = YES;
				BUNDLE_LOADER = "$(TEST_HOST)";
				CODE_SIGN_STYLE = Automatic;
				CURRENT_PROJECT_VERSION = 1;
				DEVELOPMENT_TEAM = Q8Q4RHHMN7;
				GENERATE_INFOPLIST_FILE = YES;
				IPHONEOS_DEPLOYMENT_TARGET = 16.4;
				MACOSX_DEPLOYMENT_TARGET = 13.3;
				MARKETING_VERSION = 1.0;
				PRODUCT_BUNDLE_IDENTIFIER = com.berkdogan.BubblesTests;
				PRODUCT_NAME = "$(TARGET_NAME)";
				SDKROOT = auto;
				SUPPORTED_PLATFORMS = "iphoneos iphonesimulator macosx";
				SWIFT_EMIT_LOC_STRINGS = NO;
				SWIFT_VERSION = 5.0;
				TARGETED_DEVICE_FAMILY = "1,2";
				TEST_HOST = "$(BUILT_PRODUCTS_DIR)/Bubbles.app/$(BUNDLE_EXECUTABLE_FOLDER_PATH)/Bubbles";
			};
			name = Debug;
		};
		60929EE02A225D9D00E4AF37 /* Release */ = {
			isa = XCBuildConfiguration;
			buildSettings = {
				ALWAYS_EMBED_SWIFT_STANDARD_LIBRARIES = YES;
				BUNDLE_LOADER = "$(TEST_HOST)";
				CODE_SIGN_STYLE = Automatic;
				CURRENT_PROJECT_VERSION = 1;
				DEVELOPMENT_TEAM = Q8Q4RHHMN7;
				GENERATE_INFOPLIST_FILE = YES;
				IPHONEOS_DEPLOYMENT_TARGET = 16.4;
				MACOSX_DEPLOYMENT_TARGET = 13.3;
				MARKETING_VERSION = 1.0;
				PRODUCT_BUNDLE_IDENTIFIER = com.berkdogan.BubblesTests;
				PRODUCT_NAME = "$(TARGET_NAME)";
				SDKROOT = auto;
				SUPPORTED_PLATFORMS = "iphoneos iphonesimulator macosx";
				SWIFT_EMIT_LOC_STRINGS = NO;
				SWIFT_VERSION = 5.0;
				TARGETED_DEVICE_FAMILY = "1,2";
				TEST_HOST = "$(BUILT_PRODUCTS_DIR)/Bubbles.app/$(BUNDLE_EXECUTABLE_FOLDER_PATH)/Bubbles";
			};
			name = Release;
		};
		60929EE22A225D9D00E4AF37 /* Debug */ = {
			isa = XCBuildConfiguration;
			buildSettings = {
				ALWAYS_EMBED_SWIFT_STANDARD_LIBRARIES = YES;
				CODE_SIGN_STYLE = Automatic;
				CURRENT_PROJECT_VERSION = 1;
				DEVELOPMENT_TEAM = Q8Q4RHHMN7;
				GENERATE_INFOPLIST_FILE = YES;
				IPHONEOS_DEPLOYMENT_TARGET = 16.4;
				MACOSX_DEPLOYMENT_TARGET = 13.3;
				MARKETING_VERSION = 1.0;
				PRODUCT_BUNDLE_IDENTIFIER = com.berkdogan.BubblesUITests;
				PRODUCT_NAME = "$(TARGET_NAME)";
				SDKROOT = auto;
				SUPPORTED_PLATFORMS = "iphoneos iphonesimulator macosx";
				SWIFT_EMIT_LOC_STRINGS = NO;
				SWIFT_VERSION = 5.0;
				TARGETED_DEVICE_FAMILY = "1,2";
				TEST_TARGET_NAME = Bubbles;
			};
			name = Debug;
		};
		60929EE32A225D9D00E4AF37 /* Release */ = {
			isa = XCBuildConfiguration;
			buildSettings = {
				ALWAYS_EMBED_SWIFT_STANDARD_LIBRARIES = YES;
				CODE_SIGN_STYLE = Automatic;
				CURRENT_PROJECT_VERSION = 1;
				DEVELOPMENT_TEAM = Q8Q4RHHMN7;
				GENERATE_INFOPLIST_FILE = YES;
				IPHONEOS_DEPLOYMENT_TARGET = 16.4;
				MACOSX_DEPLOYMENT_TARGET = 13.3;
				MARKETING_VERSION = 1.0;
				PRODUCT_BUNDLE_IDENTIFIER = com.berkdogan.BubblesUITests;
				PRODUCT_NAME = "$(TARGET_NAME)";
				SDKROOT = auto;
				SUPPORTED_PLATFORMS = "iphoneos iphonesimulator macosx";
				SWIFT_EMIT_LOC_STRINGS = NO;
				SWIFT_VERSION = 5.0;
				TARGETED_DEVICE_FAMILY = "1,2";
				TEST_TARGET_NAME = Bubbles;
			};
			name = Release;
		};
/* End XCBuildConfiguration section */

/* Begin XCConfigurationList section */
		60929EB12A225D9C00E4AF37 /* Build configuration list for PBXProject "Bubbles" */ = {
			isa = XCConfigurationList;
			buildConfigurations = (
				60929ED92A225D9D00E4AF37 /* Debug */,
				60929EDA2A225D9D00E4AF37 /* Release */,
			);
			defaultConfigurationIsVisible = 0;
			defaultConfigurationName = Release;
		};
		60929EDB2A225D9D00E4AF37 /* Build configuration list for PBXNativeTarget "Bubbles" */ = {
			isa = XCConfigurationList;
			buildConfigurations = (
				60929EDC2A225D9D00E4AF37 /* Debug */,
				60929EDD2A225D9D00E4AF37 /* Release */,
			);
			defaultConfigurationIsVisible = 0;
			defaultConfigurationName = Release;
		};
		60929EDE2A225D9D00E4AF37 /* Build configuration list for PBXNativeTarget "BubblesTests" */ = {
			isa = XCConfigurationList;
			buildConfigurations = (
				60929EDF2A225D9D00E4AF37 /* Debug */,
				60929EE02A225D9D00E4AF37 /* Release */,
			);
			defaultConfigurationIsVisible = 0;
			defaultConfigurationName = Release;
		};
		60929EE12A225D9D00E4AF37 /* Build configuration list for PBXNativeTarget "BubblesUITests" */ = {
			isa = XCConfigurationList;
			buildConfigurations = (
				60929EE22A225D9D00E4AF37 /* Debug */,
				60929EE32A225D9D00E4AF37 /* Release */,
			);
			defaultConfigurationIsVisible = 0;
			defaultConfigurationName = Release;
		};
/* End XCConfigurationList section */
	};
	rootObject = 60929EAE2A225D9C00E4AF37 /* Project object */;
}
